{
  "name": "mlbbchatidbot",
  "version": "1.0.0",
  "lockfileVersion": 3,
  "requires": true,
  "private": true,
  "type": "module",
  "packages": {
    "": {
      "name": "mlbbchatidbot",
      "version": "1.0.0",
      "dependencies": {},
      "engines": {
        "node": ">=24"
      }
    }
  }
}
